// !$*UTF8*$!
{
	archiveVersion = 1;
	classes = {
	};
	objectVersion = 50;
	objects = {

/* Begin PBXBuildFile section */
		F520D4FD22BFB592005BDA16 /* AppDelegate.swift in Sources */ = {isa = PBXBuildFile; fileRef = F520D4FC22BFB592005BDA16 /* AppDelegate.swift */; };
		F520D4FF22BFB592005BDA16 /* ViewController.swift in Sources */ = {isa = PBXBuildFile; fileRef = F520D4FE22BFB592005BDA16 /* ViewController.swift */; };
		F520D50222BFB592005BDA16 /* Main.storyboard in Resources */ = {isa = PBXBuildFile; fileRef = F520D50022BFB592005BDA16 /* Main.storyboard */; };
		F520D50522BFB592005BDA16 /* project2.xcdatamodeld in Sources */ = {isa = PBXBuildFile; fileRef = F520D50322BFB592005BDA16 /* project2.xcdatamodeld */; };
		F520D50722BFB594005BDA16 /* Assets.xcassets in Resources */ = {isa = PBXBuildFile; fileRef = F520D50622BFB594005BDA16 /* Assets.xcassets */; };
		F520D50A22BFB594005BDA16 /* LaunchScreen.storyboard in Resources */ = {isa = PBXBuildFile; fileRef = F520D50822BFB594005BDA16 /* LaunchScreen.storyboard */; };
		F520D51222BFB6CA005BDA16 /* SaveViewController.swift in Sources */ = {isa = PBXBuildFile; fileRef = F520D51122BFB6CA005BDA16 /* SaveViewController.swift */; };
		F5659FC622BFB9C5006B3247 /* CoreTableViewController.swift in Sources */ = {isa = PBXBuildFile; fileRef = F5659FC522BFB9C5006B3247 /* CoreTableViewController.swift */; };
		F5659FC822BFBE76006B3247 /* DetailViewController.swift in Sources */ = {isa = PBXBuildFile; fileRef = F5659FC722BFBE76006B3247 /* DetailViewController.swift */; };
/* End PBXBuildFile section */

/* Begin PBXFileReference section */
		F520D4F922BFB592005BDA16 /* project2.app */ = {isa = PBXFileReference; explicitFileType = wrapper.application; includeInIndex = 0; path = project2.app; sourceTree = BUILT_PRODUCTS_DIR; };
		F520D4FC22BFB592005BDA16 /* AppDelegate.swift */ = {isa = PBXFileReference; lastKnownFileType = sourcecode.swift; path = AppDelegate.swift; sourceTree = "<group>"; };
		F520D4FE22BFB592005BDA16 /* ViewController.swift */ = {isa = PBXFileReference; lastKnownFileType = sourcecode.swift; path = ViewController.swift; sourceTree = "<group>"; };
		F520D50122BFB592005BDA16 /* Base */ = {isa = PBXFileReference; lastKnownFileType = file.storyboard; name = Base; path = Base.lproj/Main.storyboard; sourceTree = "<group>"; };
		F520D50422BFB592005BDA16 /* project2.xcdatamodel */ = {isa = PBXFileReference; lastKnownFileType = wrapper.xcdatamodel; path = project2.xcdatamodel; sourceTree = "<group>"; };
		F520D50622BFB594005BDA16 /* Assets.xcassets */ = {isa = PBXFileReference; lastKnownFileType = folder.assetcatalog; path = Assets.xcassets; sourceTree = "<group>"; };
		F520D50922BFB594005BDA16 /* Base */ = {isa = PBXFileReference; lastKnownFileType = file.storyboard; name = Base; path = Base.lproj/LaunchScreen.storyboard; sourceTree = "<group>"; };
		F520D50B22BFB594005BDA16 /* Info.plist */ = {isa = PBXFileReference; lastKnownFileType = text.plist.xml; path = Info.plist; sourceTree = "<group>"; };
		F520D51122BFB6CA005BDA16 /* SaveViewController.swift */ = {isa = PBXFileReference; lastKnownFileType = sourcecode.swift; path = SaveViewController.swift; sourceTree = "<group>"; };
		F5659FC522BFB9C5006B3247 /* CoreTableViewController.swift */ = {isa = PBXFileReference; lastKnownFileType = sourcecode.swift; path = CoreTableViewController.swift; sourceTree = "<group>"; };
		F5659FC722BFBE76006B3247 /* DetailViewController.swift */ = {isa = PBXFileReference; lastKnownFileType = sourcecode.swift; path = DetailViewController.swift; sourceTree = "<group>"; };
/* End PBXFileReference section */

/* Begin PBXFrameworksBuildPhase section */
		F520D4F622BFB592005BDA16 /* Frameworks */ = {
			isa = PBXFrameworksBuildPhase;
			buildActionMask = 2147483647;
			files = (
			);
			runOnlyForDeploymentPostprocessing = 0;
		};
/* End PBXFrameworksBuildPhase section */

/* Begin PBXGroup section */
		F520D4F022BFB592005BDA16 = {
			isa = PBXGroup;
			children = (
				F520D4FB22BFB592005BDA16 /* project2 */,
				F520D4FA22BFB592005BDA16 /* Products */,
			);
			sourceTree = "<group>";
		};
		F520D4FA22BFB592005BDA16 /* Products */ = {
			isa = PBXGroup;
			children = (
				F520D4F922BFB592005BDA16 /* project2.app */,
			);
			name = Products;
			sourceTree = "<group>";
		};
		F520D4FB22BFB592005BDA16 /* project2 */ = {
			isa = PBXGroup;
			children = (
				F520D4FC22BFB592005BDA16 /* AppDelegate.swift */,
				F520D4FE22BFB592005BDA16 /* ViewController.swift */,
				F520D51122BFB6CA005BDA16 /* SaveViewController.swift */,
				F520D50022BFB592005BDA16 /* Main.storyboard */,
				F5659FC722BFBE76006B3247 /* DetailViewController.swift */,
				F5659FC522BFB9C5006B3247 /* CoreTableViewController.swift */,
				F520D50622BFB594005BDA16 /* Assets.xcassets */,
				F520D50822BFB594005BDA16 /* LaunchScreen.storyboard */,
				F520D50B22BFB594005BDA16 /* Info.plist */,
				F520D50322BFB592005BDA16 /* project2.xcdatamodeld */,
			);
			path = project2;
			sourceTree = "<group>";
		};
/* End PBXGroup section */

/* Begin PBXNativeTarget section */
		F520D4F822BFB592005BDA16 /* project2 */ = {
			isa = PBXNativeTarget;
			buildConfigurationList = F520D50E22BFB594005BDA16 /* Build configuration list for PBXNativeTarget "project2" */;
			buildPhases = (
				F520D4F522BFB592005BDA16 /* Sources */,
				F520D4F622BFB592005BDA16 /* Frameworks */,
				F520D4F722BFB592005BDA16 /* Resources */,
			);
			buildRules = (
			);
			dependencies = (
			);
			name = project2;
			productName = project2;
			productReference = F520D4F922BFB592005BDA16 /* project2.app */;
			productType = "com.apple.product-type.application";
		};
/* End PBXNativeTarget section */

/* Begin PBXProject section */
		F520D4F122BFB592005BDA16 /* Project object */ = {
			isa = PBXProject;
			attributes = {
				LastSwiftUpdateCheck = 1010;
				LastUpgradeCheck = 1010;
				ORGANIZATIONNAME = "정유림";
				TargetAttributes = {
					F520D4F822BFB592005BDA16 = {
						CreatedOnToolsVersion = 10.1;
					};
				};
			};
			buildConfigurationList = F520D4F422BFB592005BDA16 /* Build configuration list for PBXProject "project2" */;
			compatibilityVersion = "Xcode 9.3";
			developmentRegion = en;
			hasScannedForEncodings = 0;
			knownRegions = (
				en,
				Base,
			);
			mainGroup = F520D4F022BFB592005BDA16;
			productRefGroup = F520D4FA22BFB592005BDA16 /* Products */;
			projectDirPath = "";
			projectRoot = "";
			targets = (
				F520D4F822BFB592005BDA16 /* project2 */,
			);
		};
/* End PBXProject section */

/* Begin PBXResourcesBuildPhase section */
		F520D4F722BFB592005BDA16 /* Resources */ = {
			isa = PBXResourcesBuildPhase;
			buildActionMask = 2147483647;
			files = (
				F520D50A22BFB594005BDA16 /* LaunchScreen.storyboard in Resources */,
				F520D50722BFB594005BDA16 /* Assets.xcassets in Resources */,
				F520D50222BFB592005BDA16 /* Main.storyboard in Resources */,
			);
			runOnlyForDeploymentPostprocessing = 0;
		};
/* End PBXResourcesBuildPhase section */

/* Begin PBXSourcesBuildPhase section */
		F520D4F522BFB592005BDA16 /* Sources */ = {
			isa = PBXSourcesBuildPhase;
			buildActionMask = 2147483647;
			files = (
				F520D4FF22BFB592005BDA16 /* ViewController.swift in Sources */,
				F5659FC622BFB9C5006B3247 /* CoreTableViewController.swift in Sources */,
				F520D51222BFB6CA005BDA16 /* SaveViewController.swift in Sources */,
				F5659FC822BFBE76006B3247 /* DetailViewController.swift in Sources */,
				F520D4FD22BFB592005BDA16 /* AppDelegate.swift in Sources */,
				F520D50522BFB592005BDA16 /* project2.xcdatamodeld in Sources */,
			);
			runOnlyForDeploymentPostprocessing = 0;
		};
/* End PBXSourcesBuildPhase section */

/* Begin PBXVariantGroup section */
		F520D50022BFB592005BDA16 /* Main.storyboard */ = {
			isa = PBXVariantGroup;
			children = (
				F520D50122BFB592005BDA16 /* Base */,
			);
			name = Main.storyboard;
			sourceTree = "<group>";
		};
		F520D50822BFB594005BDA16 /* LaunchScreen.storyboard */ = {
			isa = PBXVariantGroup;
			children = (
				F520D50922BFB594005BDA16 /* Base */,
			);
			name = LaunchScreen.storyboard;
			sourceTree = "<group>";
		};
/* End PBXVariantGroup section */

/* Begin XCBuildConfiguration section */
		F520D50C22BFB594005BDA16 /* Debug */ = {
			isa = XCBuildConfiguration;
			buildSettings = {
				ALWAYS_SEARCH_USER_PATHS = NO;
				CLANG_ANALYZER_NONNULL = YES;
				CLANG_ANALYZER_NUMBER_OBJECT_CONVERSION = YES_AGGRESSIVE;
				CLANG_CXX_LANGUAGE_STANDARD = "gnu++14";
				CLANG_CXX_LIBRARY = "libc++";
				CLANG_ENABLE_MODULES = YES;
				CLANG_ENABLE_OBJC_ARC = YES;
				CLANG_ENABLE_OBJC_WEAK = YES;
				CLANG_WARN_BLOCK_CAPTURE_AUTORELEASING = YES;
				CLANG_WARN_BOOL_CONVERSION = YES;
				CLANG_WARN_COMMA = YES;
				CLANG_WARN_CONSTANT_CONVERSION = YES;
				CLANG_WARN_DEPRECATED_OBJC_IMPLEMENTATIONS = YES;
				CLANG_WARN_DIRECT_OBJC_ISA_USAGE = YES_ERROR;
				CLANG_WARN_DOCUMENTATION_COMMENTS = YES;
				CLANG_WARN_EMPTY_BODY = YES;
				CLANG_WARN_ENUM_CONVERSION = YES;
				CLANG_WARN_INFINITE_RECURSION = YES;
				CLANG_WARN_INT_CONVERSION = YES;
				CLANG_WARN_NON_LITERAL_NULL_CONVERSION = YES;
				CLANG_WARN_OBJC_IMPLICIT_RETAIN_SELF = YES;
				CLANG_WARN_OBJC_LITERAL_CONVERSION = YES;
				CLANG_WARN_OBJC_ROOT_CLASS = YES_ERROR;
				CLANG_WARN_RANGE_LOOP_ANALYSIS = YES;
				CLANG_WARN_STRICT_PROTOTYPES = YES;
				CLANG_WARN_SUSPICIOUS_MOVE = YES;
				CLANG_WARN_UNGUARDED_AVAILABILITY = YES_AGGRESSIVE;
				CLANG_WARN_UNREACHABLE_CODE = YES;
				CLANG_WARN__DUPLICATE_METHOD_MATCH = YES;
				CODE_SIGN_IDENTITY = "iPhone Developer";
				COPY_PHASE_STRIP = NO;
				DEBUG_INFORMATION_FORMAT = dwarf;
				ENABLE_STRICT_OBJC_MSGSEND = YES;
				ENABLE_TESTABILITY = YES;
				GCC_C_LANGUAGE_STANDARD = gnu11;
				GCC_DYNAMIC_NO_PIC = NO;
				GCC_NO_COMMON_BLOCKS = YES;
				GCC_OPTIMIZATION_LEVEL = 0;
				GCC_PREPROCESSOR_DEFINITIONS = (
					"DEBUG=1",
					"$(inherited)",
				);
				GCC_WARN_64_TO_32_BIT_CONVERSION = YES;
				GCC_WARN_ABOUT_RETURN_TYPE = YES_ERROR;
				GCC_WARN_UNDECLARED_SELECTOR = YES;
				GCC_WARN_UNINITIALIZED_AUTOS = YES_AGGRESSIVE;
				GCC_WARN_UNUSED_FUNCTION = YES;
				GCC_WARN_UNUSED_VARIABLE = YES;
				IPHONEOS_DEPLOYMENT_TARGET = 12.1;
				MTL_ENABLE_DEBUG_INFO = INCLUDE_SOURCE;
				MTL_FAST_MATH = YES;
				ONLY_ACTIVE_ARCH = YES;
				SDKROOT = iphoneos;
				SWIFT_ACTIVE_COMPILATION_CONDITIONS = DEBUG;
				SWIFT_OPTIMIZATION_LEVEL = "-Onone";
			};
			name = Debug;
		};
		F520D50D22BFB594005BDA16 /* Release */ = {
			isa = XCBuildConfiguration;
			buildSettings = {
				ALWAYS_SEARCH_USER_PATHS = NO;
				CLANG_ANALYZER_NONNULL = YES;
				CLANG_ANALYZER_NUMBER_OBJECT_CONVERSION = YES_AGGRESSIVE;
				CLANG_CXX_LANGUAGE_STANDARD = "gnu++14";
				CLANG_CXX_LIBRARY = "libc++";
				CLANG_ENABLE_MODULES = YES;
				CLANG_ENABLE_OBJC_ARC = YES;
				CLANG_ENABLE_OBJC_WEAK = YES;
				CLANG_WARN_BLOCK_CAPTURE_AUTORELEASING = YES;
				CLANG_WARN_BOOL_CONVERSION = YES;
				CLANG_WARN_COMMA = YES;
				CLANG_WARN_CONSTANT_CONVERSION = YES;
				CLANG_WARN_DEPRECATED_OBJC_IMPLEMENTATIONS = YES;
				CLANG_WARN_DIRECT_OBJC_ISA_USAGE = YES_ERROR;
				CLANG_WARN_DOCUMENTATION_COMMENTS = YES;
				CLANG_WARN_EMPTY_BODY = YES;
				CLANG_WARN_ENUM_CONVERSION = YES;
				CLANG_WARN_INFINITE_RECURSION = YES;
				CLANG_WARN_INT_CONVERSION = YES;
				CLANG_WARN_NON_LITERAL_NULL_CONVERSION = YES;
				CLANG_WARN_OBJC_IMPLICIT_RETAIN_SELF = YES;
				CLANG_WARN_OBJC_LITERAL_CONVERSION = YES;
				CLANG_WARN_OBJC_ROOT_CLASS = YES_ERROR;
				CLANG_WARN_RANGE_LOOP_ANALYSIS = YES;
				CLANG_WARN_STRICT_PROTOTYPES = YES;
				CLANG_WARN_SUSPICIOUS_MOVE = YES;
				CLANG_WARN_UNGUARDED_AVAILABILITY = YES_AGGRESSIVE;
				CLANG_WARN_UNREACHABLE_CODE = YES;
				CLANG_WARN__DUPLICATE_METHOD_MATCH = YES;
				CODE_SIGN_IDENTITY = "iPhone Developer";
				COPY_PHASE_STRIP = NO;
				DEBUG_INFORMATION_FORMAT = "dwarf-with-dsym";
				ENABLE_NS_ASSERTIONS = NO;
				ENABLE_STRICT_OBJC_MSGSEND = YES;
				GCC_C_LANGUAGE_STANDARD = gnu11;
				GCC_NO_COMMON_BLOCKS = YES;
				GCC_WARN_64_TO_32_BIT_CONVERSION = YES;
				GCC_WARN_ABOUT_RETURN_TYPE = YES_ERROR;
				GCC_WARN_UNDECLARED_SELECTOR = YES;
				GCC_WARN_UNINITIALIZED_AUTOS = YES_AGGRESSIVE;
				GCC_WARN_UNUSED_FUNCTION = YES;
				GCC_WARN_UNUSED_VARIABLE = YES;
				IPHONEOS_DEPLOYMENT_TARGET = 12.1;
				MTL_ENABLE_DEBUG_INFO = NO;
				MTL_FAST_MATH = YES;
				SDKROOT = iphoneos;
				SWIFT_COMPILATION_MODE = wholemodule;
				SWIFT_OPTIMIZATION_LEVEL = "-O";
				VALIDATE_PRODUCT = YES;
			};
			name = Release;
		};
		F520D50F22BFB594005BDA16 /* Debug */ = {
			isa = XCBuildConfiguration;
			buildSettings = {
				ASSETCATALOG_COMPILER_APPICON_NAME = AppIcon;
				CODE_SIGN_STYLE = Automatic;
				INFOPLIST_FILE = project2/Info.plist;
				LD_RUNPATH_SEARCH_PATHS = (
					"$(inherited)",
					"@executable_path/Frameworks",
				);
				PRODUCT_BUNDLE_IDENTIFIER = kr.ac.swu.project2;
				PRODUCT_NAME = "$(TARGET_NAME)";
				SWIFT_VERSION = 4.2;
				TARGETED_DEVICE_FAMILY = "1,2";
			};
			name = Debug;
		};
		F520D51022BFB594005BDA16 /* Release */ = {
			isa = XCBuildConfiguration;
			buildSettings = {
				ASSETCATALOG_COMPILER_APPICON_NAME = AppIcon;
				CODE_SIGN_STYLE = Automatic;
				INFOPLIST_FILE = project2/Info.plist;
				LD_RUNPATH_SEARCH_PATHS = (
					"$(inherited)",
					"@executable_path/Frameworks",
				);
				PRODUCT_BUNDLE_IDENTIFIER = kr.ac.swu.project2;
				PRODUCT_NAME = "$(TARGET_NAME)";
				SWIFT_VERSION = 4.2;
				TARGETED_DEVICE_FAMILY = "1,2";
			};
			name = Release;
		};
/* End XCBuildConfiguration section */

/* Begin XCConfigurationList section */
		F520D4F422BFB592005BDA16 /* Build configuration list for PBXProject "project2" */ = {
			isa = XCConfigurationList;
			buildConfigurations = (
				F520D50C22BFB594005BDA16 /* Debug */,
				F520D50D22BFB594005BDA16 /* Release */,
			);
			defaultConfigurationIsVisible = 0;
			defaultConfigurationName = Release;
		};
		F520D50E22BFB594005BDA16 /* Build configuration list for PBXNativeTarget "project2" */ = {
			isa = XCConfigurationList;
			buildConfigurations = (
				F520D50F22BFB594005BDA16 /* Debug */,
				F520D51022BFB594005BDA16 /* Release */,
			);
			defaultConfigurationIsVisible = 0;
			defaultConfigurationName = Release;
		};
/* End XCConfigurationList section */

/* Begin XCVersionGroup section */
		F520D50322BFB592005BDA16 /* project2.xcdatamodeld */ = {
			isa = XCVersionGroup;
			children = (
				F520D50422BFB592005BDA16 /* project2.xcdatamodel */,
			);
			currentVersion = F520D50422BFB592005BDA16 /* project2.xcdatamodel */;
			path = project2.xcdatamodeld;
			sourceTree = "<group>";
			versionGroupType = wrapper.xcdatamodel;
		};
/* End XCVersionGroup section */
	};
	rootObject = F520D4F122BFB592005BDA16 /* Project object */;
}
